
Microsoft Visual Studio Solution File, Format Version 12.00
# Visual Studio Version 16
VisualStudioVersion = 16.0.30225.117
MinimumVisualStudioVersion = 10.0.40219.1
Project("{FAE04EC0-301F-11D3-BF4B-00C04F79EFBC}") = "Sgi.DigitalSignature", "Sgi.DigitalSignature\Sgi.DigitalSignature.csproj", "{348F4D89-3780-4383-86B8-43DC6998B911}"
EndProject
Global
	GlobalSection(SolutionConfigurationPlatforms) = preSolution
		Debug|Any CPU = Debug|Any CPU
		Release|Any CPU = Release|Any CPU
	EndGlobalSection
	GlobalSection(ProjectConfigurationPlatforms) = postSolution
		{348F4D89-3780-4383-86B8-43DC6998B911}.Debug|Any CPU.ActiveCfg = Debug|Any CPU
		{348F4D89-3780-4383-86B8-43DC6998B911}.Debug|Any CPU.Build.0 = Debug|Any CPU
		{348F4D89-3780-4383-86B8-43DC6998B911}.Release|Any CPU.ActiveCfg = Release|Any CPU
		{348F4D89-3780-4383-86B8-43DC6998B911}.Release|Any CPU.Build.0 = Release|Any CPU
	EndGlobalSection
	GlobalSection(SolutionProperties) = preSolution
		HideSolutionNode = FALSE
	EndGlobalSection
	GlobalSection(ExtensibilityGlobals) = postSolution
		SolutionGuid = {FFE1093C-2A75-45DB-B705-DE02F498C2D6}
	EndGlobalSection
EndGlobal
